
Microsoft Visual Studio Solution File, Format Version 12.00
# Visual Studio 15
VisualStudioVersion = 15.0.28307.572
MinimumVisualStudioVersion = 10.0.40219.1
Project("{2150E333-8FDC-42A3-9474-1A3956D46DE8}") = "Simulator", "Simulator", "{EC914519-92BD-4679-AA13-0C899EBFE352}"
EndProject
Project("{9A19103F-16F7-4668-BE54-9A1E7A4F7556}") = "TruckSimulator", "Simulator\TruckSimulator\TruckSimulator.csproj", "{EB4DEC5C-C4C0-4246-A274-625010BFAD2D}"
EndProject
Project("{2150E333-8FDC-42A3-9474-1A3956D46DE8}") = "Common", "Common", "{5C003987-B3B2-4301-A8AB-5F797927230F}"
EndProject
Project("{9A19103F-16F7-4668-BE54-9A1E7A4F7556}") = "Common.Model", "Common\Common.Model\Common.Model.csproj", "{58CCFE2D-5AF1-4757-A565-BCA23282ABBF}"
EndProject
Project("{2150E333-8FDC-42A3-9474-1A3956D46DE8}") = "Service", "Service", "{3D04D0E1-E0E0-4178-AFF4-A0809E3E5F3F}"
EndProject
Project("{9A19103F-16F7-4668-BE54-9A1E7A4F7556}") = "Service.Delivery", "Service\Service.Delivery\Service.Delivery.csproj", "{08116607-D146-4527-B935-F62397E02B7E}"
EndProject
Project("{9A19103F-16F7-4668-BE54-9A1E7A4F7556}") = "Service.Tracking", "Service\Service.Tracking\Service.Tracking.csproj", "{91C98E7D-752A-422C-A8D8-5533D0641956}"
EndProject
Project("{9A19103F-16F7-4668-BE54-9A1E7A4F7556}") = "Common.Infrastructure", "Common\Common.Infrastructure\Common.Infrastructure.csproj", "{38CCEF62-F47D-4359-9028-26016A35A5DF}"
EndProject
Project("{9A19103F-16F7-4668-BE54-9A1E7A4F7556}") = "Service.Routing", "Service\Service.Routing\Service.Routing.csproj", "{BB4A31F8-2AAE-4391-BDD4-FFF955A23568}"
EndProject
Project("{2150E333-8FDC-42A3-9474-1A3956D46DE8}") = "Trigger", "Trigger", "{0F471846-11B1-48A2-9237-1FDF98983E61}"
EndProject
Project("{9A19103F-16F7-4668-BE54-9A1E7A4F7556}") = "Trigger.Delivery", "Trigger\Trigger.Delivery\Trigger.Delivery.csproj", "{C9016B16-CA5C-4E4F-9F81-21EF555DCABD}"
EndProject
Project("{9A19103F-16F7-4668-BE54-9A1E7A4F7556}") = "Trigger.Session", "Trigger\Trigger.Session\Trigger.Session.csproj", "{A55EF982-5BF8-49AC-B02B-5874D35DBE65}"
EndProject
Project("{9A19103F-16F7-4668-BE54-9A1E7A4F7556}") = "Trigger.Status", "Trigger\Trigger.Status\Trigger.Status.csproj", "{FFFF6C48-AFA8-4F4C-B62D-2D49AF4BF842}"
EndProject
Project("{9A19103F-16F7-4668-BE54-9A1E7A4F7556}") = "CustomerSimulator", "Simulator\CustomerSimulator\CustomerSimulator.csproj", "{465BBD47-3FB8-4D59-8AA1-AC3FBCA7110A}"
EndProject
Project("{2150E333-8FDC-42A3-9474-1A3956D46DE8}") = "Modules", "Modules", "{111D4179-D3D0-48C2-811A-4E03B0505BEB}"
EndProject
Project("{9A19103F-16F7-4668-BE54-9A1E7A4F7556}") = "Module.DriverStatistics", "Module\Module.DriverStatistics\Module.DriverStatistics.csproj", "{4533C89F-5726-466D-9FBE-6966DFA9143B}"
EndProject
Project("{9A19103F-16F7-4668-BE54-9A1E7A4F7556}") = "DeliverySimulator", "Simulator\DeliverySimulator\DeliverySimulator.csproj", "{6CA6B471-AD24-4C15-B4E7-02032B50574E}"
EndProject
Project("{9A19103F-16F7-4668-BE54-9A1E7A4F7556}") = "Trigger.Route", "Trigger\Trigger.Route\Trigger.Route.csproj", "{7BF803F1-D0AB-4C90-8BF3-A434C66B6A35}"
EndProject
Project("{9A19103F-16F7-4668-BE54-9A1E7A4F7556}") = "Service.Status", "Service\Service.Status\Service.Status.csproj", "{04258489-98E9-4BA6-ADFB-D91FB8209FD7}"
EndProject
Project("{9A19103F-16F7-4668-BE54-9A1E7A4F7556}") = "Service.Session", "Service\Service.Session\Service.Session.csproj", "{FD768E97-F749-4B8D-BD8B-E6A17E42B955}"
EndProject
Project("{9A19103F-16F7-4668-BE54-9A1E7A4F7556}") = "Module.EventGridProducer", "Module\Module.EventGridProducer\Module.EventGridProducer.csproj", "{F81DF8B5-93EB-4EBF-9839-57477B01EB0F}"
EndProject
Project("{FAE04EC0-301F-11D3-BF4B-00C04F79EFBC}") = "WebSample", "Web\WebSample\WebSample.csproj", "{A2EA97A8-9149-49D2-B0AD-50A76FE5764A}"
EndProject
Global
	GlobalSection(SolutionConfigurationPlatforms) = preSolution
		Debug|Any CPU = Debug|Any CPU
		Debug|x86 = Debug|x86
		Release|Any CPU = Release|Any CPU
		Release|x86 = Release|x86
	EndGlobalSection
	GlobalSection(ProjectConfigurationPlatforms) = postSolution
		{EB4DEC5C-C4C0-4246-A274-625010BFAD2D}.Debug|Any CPU.ActiveCfg = Debug|Any CPU
		{EB4DEC5C-C4C0-4246-A274-625010BFAD2D}.Debug|Any CPU.Build.0 = Debug|Any CPU
		{EB4DEC5C-C4C0-4246-A274-625010BFAD2D}.Debug|x86.ActiveCfg = Debug|Any CPU
		{EB4DEC5C-C4C0-4246-A274-625010BFAD2D}.Debug|x86.Build.0 = Debug|Any CPU
		{EB4DEC5C-C4C0-4246-A274-625010BFAD2D}.Release|Any CPU.ActiveCfg = Release|Any CPU
		{EB4DEC5C-C4C0-4246-A274-625010BFAD2D}.Release|Any CPU.Build.0 = Release|Any CPU
		{EB4DEC5C-C4C0-4246-A274-625010BFAD2D}.Release|x86.ActiveCfg = Release|Any CPU
		{EB4DEC5C-C4C0-4246-A274-625010BFAD2D}.Release|x86.Build.0 = Release|Any CPU
		{58CCFE2D-5AF1-4757-A565-BCA23282ABBF}.Debug|Any CPU.ActiveCfg = Debug|Any CPU
		{58CCFE2D-5AF1-4757-A565-BCA23282ABBF}.Debug|Any CPU.Build.0 = Debug|Any CPU
		{58CCFE2D-5AF1-4757-A565-BCA23282ABBF}.Debug|x86.ActiveCfg = Debug|Any CPU
		{58CCFE2D-5AF1-4757-A565-BCA23282ABBF}.Debug|x86.Build.0 = Debug|Any CPU
		{58CCFE2D-5AF1-4757-A565-BCA23282ABBF}.Release|Any CPU.ActiveCfg = Release|Any CPU
		{58CCFE2D-5AF1-4757-A565-BCA23282ABBF}.Release|Any CPU.Build.0 = Release|Any CPU
		{58CCFE2D-5AF1-4757-A565-BCA23282ABBF}.Release|x86.ActiveCfg = Release|Any CPU
		{58CCFE2D-5AF1-4757-A565-BCA23282ABBF}.Release|x86.Build.0 = Release|Any CPU
		{08116607-D146-4527-B935-F62397E02B7E}.Debug|Any CPU.ActiveCfg = Debug|Any CPU
		{08116607-D146-4527-B935-F62397E02B7E}.Debug|Any CPU.Build.0 = Debug|Any CPU
		{08116607-D146-4527-B935-F62397E02B7E}.Debug|x86.ActiveCfg = Debug|Any CPU
		{08116607-D146-4527-B935-F62397E02B7E}.Debug|x86.Build.0 = Debug|Any CPU
		{08116607-D146-4527-B935-F62397E02B7E}.Release|Any CPU.ActiveCfg = Release|Any CPU
		{08116607-D146-4527-B935-F62397E02B7E}.Release|Any CPU.Build.0 = Release|Any CPU
		{08116607-D146-4527-B935-F62397E02B7E}.Release|x86.ActiveCfg = Release|Any CPU
		{08116607-D146-4527-B935-F62397E02B7E}.Release|x86.Build.0 = Release|Any CPU
		{91C98E7D-752A-422C-A8D8-5533D0641956}.Debug|Any CPU.ActiveCfg = Debug|Any CPU
		{91C98E7D-752A-422C-A8D8-5533D0641956}.Debug|Any CPU.Build.0 = Debug|Any CPU
		{91C98E7D-752A-422C-A8D8-5533D0641956}.Debug|x86.ActiveCfg = Debug|x86
		{91C98E7D-752A-422C-A8D8-5533D0641956}.Debug|x86.Build.0 = Debug|x86
		{91C98E7D-752A-422C-A8D8-5533D0641956}.Release|Any CPU.ActiveCfg = Release|Any CPU
		{91C98E7D-752A-422C-A8D8-5533D0641956}.Release|Any CPU.Build.0 = Release|Any CPU
		{91C98E7D-752A-422C-A8D8-5533D0641956}.Release|x86.ActiveCfg = Release|x86
		{91C98E7D-752A-422C-A8D8-5533D0641956}.Release|x86.Build.0 = Release|x86
		{38CCEF62-F47D-4359-9028-26016A35A5DF}.Debug|Any CPU.ActiveCfg = Debug|Any CPU
		{38CCEF62-F47D-4359-9028-26016A35A5DF}.Debug|Any CPU.Build.0 = Debug|Any CPU
		{38CCEF62-F47D-4359-9028-26016A35A5DF}.Debug|x86.ActiveCfg = Debug|Any CPU
		{38CCEF62-F47D-4359-9028-26016A35A5DF}.Debug|x86.Build.0 = Debug|Any CPU
		{38CCEF62-F47D-4359-9028-26016A35A5DF}.Release|Any CPU.ActiveCfg = Release|Any CPU
		{38CCEF62-F47D-4359-9028-26016A35A5DF}.Release|Any CPU.Build.0 = Release|Any CPU
		{38CCEF62-F47D-4359-9028-26016A35A5DF}.Release|x86.ActiveCfg = Release|Any CPU
		{38CCEF62-F47D-4359-9028-26016A35A5DF}.Release|x86.Build.0 = Release|Any CPU
		{BB4A31F8-2AAE-4391-BDD4-FFF955A23568}.Debug|Any CPU.ActiveCfg = Debug|Any CPU
		{BB4A31F8-2AAE-4391-BDD4-FFF955A23568}.Debug|Any CPU.Build.0 = Debug|Any CPU
		{BB4A31F8-2AAE-4391-BDD4-FFF955A23568}.Debug|x86.ActiveCfg = Debug|Any CPU
		{BB4A31F8-2AAE-4391-BDD4-FFF955A23568}.Debug|x86.Build.0 = Debug|Any CPU
		{BB4A31F8-2AAE-4391-BDD4-FFF955A23568}.Release|Any CPU.ActiveCfg = Release|Any CPU
		{BB4A31F8-2AAE-4391-BDD4-FFF955A23568}.Release|Any CPU.Build.0 = Release|Any CPU
		{BB4A31F8-2AAE-4391-BDD4-FFF955A23568}.Release|x86.ActiveCfg = Release|Any CPU
		{BB4A31F8-2AAE-4391-BDD4-FFF955A23568}.Release|x86.Build.0 = Release|Any CPU
		{C9016B16-CA5C-4E4F-9F81-21EF555DCABD}.Debug|Any CPU.ActiveCfg = Debug|Any CPU
		{C9016B16-CA5C-4E4F-9F81-21EF555DCABD}.Debug|Any CPU.Build.0 = Debug|Any CPU
		{C9016B16-CA5C-4E4F-9F81-21EF555DCABD}.Debug|x86.ActiveCfg = Debug|Any CPU
		{C9016B16-CA5C-4E4F-9F81-21EF555DCABD}.Debug|x86.Build.0 = Debug|Any CPU
		{C9016B16-CA5C-4E4F-9F81-21EF555DCABD}.Release|Any CPU.ActiveCfg = Release|Any CPU
		{C9016B16-CA5C-4E4F-9F81-21EF555DCABD}.Release|Any CPU.Build.0 = Release|Any CPU
		{C9016B16-CA5C-4E4F-9F81-21EF555DCABD}.Release|x86.ActiveCfg = Release|Any CPU
		{C9016B16-CA5C-4E4F-9F81-21EF555DCABD}.Release|x86.Build.0 = Release|Any CPU
		{A55EF982-5BF8-49AC-B02B-5874D35DBE65}.Debug|Any CPU.ActiveCfg = Debug|Any CPU
		{A55EF982-5BF8-49AC-B02B-5874D35DBE65}.Debug|Any CPU.Build.0 = Debug|Any CPU
		{A55EF982-5BF8-49AC-B02B-5874D35DBE65}.Debug|x86.ActiveCfg = Debug|Any CPU
		{A55EF982-5BF8-49AC-B02B-5874D35DBE65}.Debug|x86.Build.0 = Debug|Any CPU
		{A55EF982-5BF8-49AC-B02B-5874D35DBE65}.Release|Any CPU.ActiveCfg = Release|Any CPU
		{A55EF982-5BF8-49AC-B02B-5874D35DBE65}.Release|Any CPU.Build.0 = Release|Any CPU
		{A55EF982-5BF8-49AC-B02B-5874D35DBE65}.Release|x86.ActiveCfg = Release|Any CPU
		{A55EF982-5BF8-49AC-B02B-5874D35DBE65}.Release|x86.Build.0 = Release|Any CPU
		{FFFF6C48-AFA8-4F4C-B62D-2D49AF4BF842}.Debug|Any CPU.ActiveCfg = Debug|Any CPU
		{FFFF6C48-AFA8-4F4C-B62D-2D49AF4BF842}.Debug|Any CPU.Build.0 = Debug|Any CPU
		{FFFF6C48-AFA8-4F4C-B62D-2D49AF4BF842}.Debug|x86.ActiveCfg = Debug|Any CPU
		{FFFF6C48-AFA8-4F4C-B62D-2D49AF4BF842}.Debug|x86.Build.0 = Debug|Any CPU
		{FFFF6C48-AFA8-4F4C-B62D-2D49AF4BF842}.Release|Any CPU.ActiveCfg = Release|Any CPU
		{FFFF6C48-AFA8-4F4C-B62D-2D49AF4BF842}.Release|Any CPU.Build.0 = Release|Any CPU
		{FFFF6C48-AFA8-4F4C-B62D-2D49AF4BF842}.Release|x86.ActiveCfg = Release|Any CPU
		{FFFF6C48-AFA8-4F4C-B62D-2D49AF4BF842}.Release|x86.Build.0 = Release|Any CPU
		{465BBD47-3FB8-4D59-8AA1-AC3FBCA7110A}.Debug|Any CPU.ActiveCfg = Debug|Any CPU
		{465BBD47-3FB8-4D59-8AA1-AC3FBCA7110A}.Debug|Any CPU.Build.0 = Debug|Any CPU
		{465BBD47-3FB8-4D59-8AA1-AC3FBCA7110A}.Debug|x86.ActiveCfg = Debug|Any CPU
		{465BBD47-3FB8-4D59-8AA1-AC3FBCA7110A}.Debug|x86.Build.0 = Debug|Any CPU
		{465BBD47-3FB8-4D59-8AA1-AC3FBCA7110A}.Release|Any CPU.ActiveCfg = Release|Any CPU
		{465BBD47-3FB8-4D59-8AA1-AC3FBCA7110A}.Release|Any CPU.Build.0 = Release|Any CPU
		{465BBD47-3FB8-4D59-8AA1-AC3FBCA7110A}.Release|x86.ActiveCfg = Release|Any CPU
		{465BBD47-3FB8-4D59-8AA1-AC3FBCA7110A}.Release|x86.Build.0 = Release|Any CPU
		{4533C89F-5726-466D-9FBE-6966DFA9143B}.Debug|Any CPU.ActiveCfg = Debug|Any CPU
		{4533C89F-5726-466D-9FBE-6966DFA9143B}.Debug|Any CPU.Build.0 = Debug|Any CPU
		{4533C89F-5726-466D-9FBE-6966DFA9143B}.Debug|x86.ActiveCfg = Debug|Any CPU
		{4533C89F-5726-466D-9FBE-6966DFA9143B}.Debug|x86.Build.0 = Debug|Any CPU
		{4533C89F-5726-466D-9FBE-6966DFA9143B}.Release|Any CPU.ActiveCfg = Release|Any CPU
		{4533C89F-5726-466D-9FBE-6966DFA9143B}.Release|Any CPU.Build.0 = Release|Any CPU
		{4533C89F-5726-466D-9FBE-6966DFA9143B}.Release|x86.ActiveCfg = Release|Any CPU
		{4533C89F-5726-466D-9FBE-6966DFA9143B}.Release|x86.Build.0 = Release|Any CPU
		{6CA6B471-AD24-4C15-B4E7-02032B50574E}.Debug|Any CPU.ActiveCfg = Debug|Any CPU
		{6CA6B471-AD24-4C15-B4E7-02032B50574E}.Debug|Any CPU.Build.0 = Debug|Any CPU
		{6CA6B471-AD24-4C15-B4E7-02032B50574E}.Debug|x86.ActiveCfg = Debug|Any CPU
		{6CA6B471-AD24-4C15-B4E7-02032B50574E}.Debug|x86.Build.0 = Debug|Any CPU
		{6CA6B471-AD24-4C15-B4E7-02032B50574E}.Release|Any CPU.ActiveCfg = Release|Any CPU
		{6CA6B471-AD24-4C15-B4E7-02032B50574E}.Release|Any CPU.Build.0 = Release|Any CPU
		{6CA6B471-AD24-4C15-B4E7-02032B50574E}.Release|x86.ActiveCfg = Release|Any CPU
		{6CA6B471-AD24-4C15-B4E7-02032B50574E}.Release|x86.Build.0 = Release|Any CPU
		{7BF803F1-D0AB-4C90-8BF3-A434C66B6A35}.Debug|Any CPU.ActiveCfg = Debug|Any CPU
		{7BF803F1-D0AB-4C90-8BF3-A434C66B6A35}.Debug|Any CPU.Build.0 = Debug|Any CPU
		{7BF803F1-D0AB-4C90-8BF3-A434C66B6A35}.Debug|x86.ActiveCfg = Debug|Any CPU
		{7BF803F1-D0AB-4C90-8BF3-A434C66B6A35}.Debug|x86.Build.0 = Debug|Any CPU
		{7BF803F1-D0AB-4C90-8BF3-A434C66B6A35}.Release|Any CPU.ActiveCfg = Release|Any CPU
		{7BF803F1-D0AB-4C90-8BF3-A434C66B6A35}.Release|Any CPU.Build.0 = Release|Any CPU
		{7BF803F1-D0AB-4C90-8BF3-A434C66B6A35}.Release|x86.ActiveCfg = Release|Any CPU
		{7BF803F1-D0AB-4C90-8BF3-A434C66B6A35}.Release|x86.Build.0 = Release|Any CPU
		{04258489-98E9-4BA6-ADFB-D91FB8209FD7}.Debug|Any CPU.ActiveCfg = Debug|Any CPU
		{04258489-98E9-4BA6-ADFB-D91FB8209FD7}.Debug|Any CPU.Build.0 = Debug|Any CPU
		{04258489-98E9-4BA6-ADFB-D91FB8209FD7}.Debug|x86.ActiveCfg = Debug|Any CPU
		{04258489-98E9-4BA6-ADFB-D91FB8209FD7}.Debug|x86.Build.0 = Debug|Any CPU
		{04258489-98E9-4BA6-ADFB-D91FB8209FD7}.Release|Any CPU.ActiveCfg = Release|Any CPU
		{04258489-98E9-4BA6-ADFB-D91FB8209FD7}.Release|Any CPU.Build.0 = Release|Any CPU
		{04258489-98E9-4BA6-ADFB-D91FB8209FD7}.Release|x86.ActiveCfg = Release|Any CPU
		{04258489-98E9-4BA6-ADFB-D91FB8209FD7}.Release|x86.Build.0 = Release|Any CPU
		{FD768E97-F749-4B8D-BD8B-E6A17E42B955}.Debug|Any CPU.ActiveCfg = Debug|Any CPU
		{FD768E97-F749-4B8D-BD8B-E6A17E42B955}.Debug|Any CPU.Build.0 = Debug|Any CPU
		{FD768E97-F749-4B8D-BD8B-E6A17E42B955}.Debug|x86.ActiveCfg = Debug|Any CPU
		{FD768E97-F749-4B8D-BD8B-E6A17E42B955}.Debug|x86.Build.0 = Debug|Any CPU
		{FD768E97-F749-4B8D-BD8B-E6A17E42B955}.Release|Any CPU.ActiveCfg = Release|Any CPU
		{FD768E97-F749-4B8D-BD8B-E6A17E42B955}.Release|Any CPU.Build.0 = Release|Any CPU
		{FD768E97-F749-4B8D-BD8B-E6A17E42B955}.Release|x86.ActiveCfg = Release|Any CPU
		{FD768E97-F749-4B8D-BD8B-E6A17E42B955}.Release|x86.Build.0 = Release|Any CPU
		{F81DF8B5-93EB-4EBF-9839-57477B01EB0F}.Debug|Any CPU.ActiveCfg = Debug|Any CPU
		{F81DF8B5-93EB-4EBF-9839-57477B01EB0F}.Debug|Any CPU.Build.0 = Debug|Any CPU
		{F81DF8B5-93EB-4EBF-9839-57477B01EB0F}.Debug|x86.ActiveCfg = Debug|Any CPU
		{F81DF8B5-93EB-4EBF-9839-57477B01EB0F}.Debug|x86.Build.0 = Debug|Any CPU
		{F81DF8B5-93EB-4EBF-9839-57477B01EB0F}.Release|Any CPU.ActiveCfg = Release|Any CPU
		{F81DF8B5-93EB-4EBF-9839-57477B01EB0F}.Release|Any CPU.Build.0 = Release|Any CPU
		{F81DF8B5-93EB-4EBF-9839-57477B01EB0F}.Release|x86.ActiveCfg = Release|Any CPU
		{F81DF8B5-93EB-4EBF-9839-57477B01EB0F}.Release|x86.Build.0 = Release|Any CPU
		{A2EA97A8-9149-49D2-B0AD-50A76FE5764A}.Debug|Any CPU.ActiveCfg = Debug|Any CPU
		{A2EA97A8-9149-49D2-B0AD-50A76FE5764A}.Debug|Any CPU.Build.0 = Debug|Any CPU
		{A2EA97A8-9149-49D2-B0AD-50A76FE5764A}.Debug|x86.ActiveCfg = Debug|Any CPU
		{A2EA97A8-9149-49D2-B0AD-50A76FE5764A}.Debug|x86.Build.0 = Debug|Any CPU
		{A2EA97A8-9149-49D2-B0AD-50A76FE5764A}.Release|Any CPU.ActiveCfg = Release|Any CPU
		{A2EA97A8-9149-49D2-B0AD-50A76FE5764A}.Release|Any CPU.Build.0 = Release|Any CPU
		{A2EA97A8-9149-49D2-B0AD-50A76FE5764A}.Release|x86.ActiveCfg = Release|Any CPU
		{A2EA97A8-9149-49D2-B0AD-50A76FE5764A}.Release|x86.Build.0 = Release|Any CPU
	EndGlobalSection
	GlobalSection(SolutionProperties) = preSolution
		HideSolutionNode = FALSE
	EndGlobalSection
	GlobalSection(NestedProjects) = preSolution
		{EB4DEC5C-C4C0-4246-A274-625010BFAD2D} = {EC914519-92BD-4679-AA13-0C899EBFE352}
		{58CCFE2D-5AF1-4757-A565-BCA23282ABBF} = {5C003987-B3B2-4301-A8AB-5F797927230F}
		{08116607-D146-4527-B935-F62397E02B7E} = {3D04D0E1-E0E0-4178-AFF4-A0809E3E5F3F}
		{91C98E7D-752A-422C-A8D8-5533D0641956} = {3D04D0E1-E0E0-4178-AFF4-A0809E3E5F3F}
		{38CCEF62-F47D-4359-9028-26016A35A5DF} = {5C003987-B3B2-4301-A8AB-5F797927230F}
		{BB4A31F8-2AAE-4391-BDD4-FFF955A23568} = {3D04D0E1-E0E0-4178-AFF4-A0809E3E5F3F}
		{C9016B16-CA5C-4E4F-9F81-21EF555DCABD} = {0F471846-11B1-48A2-9237-1FDF98983E61}
		{A55EF982-5BF8-49AC-B02B-5874D35DBE65} = {0F471846-11B1-48A2-9237-1FDF98983E61}
		{FFFF6C48-AFA8-4F4C-B62D-2D49AF4BF842} = {0F471846-11B1-48A2-9237-1FDF98983E61}
		{465BBD47-3FB8-4D59-8AA1-AC3FBCA7110A} = {EC914519-92BD-4679-AA13-0C899EBFE352}
		{4533C89F-5726-466D-9FBE-6966DFA9143B} = {111D4179-D3D0-48C2-811A-4E03B0505BEB}
		{6CA6B471-AD24-4C15-B4E7-02032B50574E} = {EC914519-92BD-4679-AA13-0C899EBFE352}
		{7BF803F1-D0AB-4C90-8BF3-A434C66B6A35} = {0F471846-11B1-48A2-9237-1FDF98983E61}
		{04258489-98E9-4BA6-ADFB-D91FB8209FD7} = {3D04D0E1-E0E0-4178-AFF4-A0809E3E5F3F}
		{FD768E97-F749-4B8D-BD8B-E6A17E42B955} = {3D04D0E1-E0E0-4178-AFF4-A0809E3E5F3F}
		{F81DF8B5-93EB-4EBF-9839-57477B01EB0F} = {111D4179-D3D0-48C2-811A-4E03B0505BEB}
	EndGlobalSection
	GlobalSection(ExtensibilityGlobals) = postSolution
		SolutionGuid = {A9AADE4F-022A-4BDD-B1E0-889DA51EB21D}
	EndGlobalSection
EndGlobal
